
Microsoft Visual Studio Solution File, Format Version 12.00
# Visual Studio 15
VisualStudioVersion = 15.0.28307.1800
MinimumVisualStudioVersion = 10.0.40219.1
Project("{8BC9CEB8-8B4A-11D0-8D11-00A0C91BC942}") = "Peanut_Engine", "Peanut_Engine\Peanut_Engine.vcxproj", "{21EBBA6B-7F1E-4DD4-9D8B-C54E45267E54}"
EndProject
Project("{8BC9CEB8-8B4A-11D0-8D11-00A0C91BC942}") = "Sandbox", "Sandbox\Sandbox.vcxproj", "{029EC884-5545-4DFA-B000-5A3B072EE1BB}"
EndProject
Global
	GlobalSection(SolutionConfigurationPlatforms) = preSolution
		Debug|x64 = Debug|x64
		Debug|x86 = Debug|x86
		Release|x64 = Release|x64
		Release|x86 = Release|x86
	EndGlobalSection
	GlobalSection(ProjectConfigurationPlatforms) = postSolution
		{21EBBA6B-7F1E-4DD4-9D8B-C54E45267E54}.Debug|x64.ActiveCfg = Debug|x64
		{21EBBA6B-7F1E-4DD4-9D8B-C54E45267E54}.Debug|x64.Build.0 = Debug|x64
		{21EBBA6B-7F1E-4DD4-9D8B-C54E45267E54}.Debug|x86.ActiveCfg = Debug|x64
		{21EBBA6B-7F1E-4DD4-9D8B-C54E45267E54}.Release|x64.ActiveCfg = Release|x64
		{21EBBA6B-7F1E-4DD4-9D8B-C54E45267E54}.Release|x64.Build.0 = Release|x64
		{21EBBA6B-7F1E-4DD4-9D8B-C54E45267E54}.Release|x86.ActiveCfg = Release|x64
		{029EC884-5545-4DFA-B000-5A3B072EE1BB}.Debug|x64.ActiveCfg = Debug|x64
		{029EC884-5545-4DFA-B000-5A3B072EE1BB}.Debug|x64.Build.0 = Debug|x64
		{029EC884-5545-4DFA-B000-5A3B072EE1BB}.Debug|x86.ActiveCfg = Debug|Win32
		{029EC884-5545-4DFA-B000-5A3B072EE1BB}.Debug|x86.Build.0 = Debug|Win32
		{029EC884-5545-4DFA-B000-5A3B072EE1BB}.Release|x64.ActiveCfg = Release|x64
		{029EC884-5545-4DFA-B000-5A3B072EE1BB}.Release|x64.Build.0 = Release|x64
		{029EC884-5545-4DFA-B000-5A3B072EE1BB}.Release|x86.ActiveCfg = Release|Win32
		{029EC884-5545-4DFA-B000-5A3B072EE1BB}.Release|x86.Build.0 = Release|Win32
	EndGlobalSection
	GlobalSection(SolutionProperties) = preSolution
		HideSolutionNode = FALSE
	EndGlobalSection
	GlobalSection(ExtensibilityGlobals) = postSolution
		SolutionGuid = {8FEC33A8-2E86-4A85-82A0-46705C903987}
	EndGlobalSection
EndGlobal
