<?xml version="1.0" encoding="utf-8"?>
<Project ToolsVersion="4.0" xmlns="http://schemas.microsoft.com/developer/msbuild/2003">
  <ItemGroup>
    <Filter Include="Peanut">
      <UniqueIdentifier>{3276D6C9-1E18-01A0-07D3-14F4F31388F0}</UniqueIdentifier>
    </Filter>
    <Filter Include="Peanut\Event">
      <UniqueIdentifier>{0355FC25-EFB7-8BCA-983D-C480847F574D}</UniqueIdentifier>
    </Filter>
    <Filter Include="Platform">
      <UniqueIdentifier>{2AC788B4-1694-E3BF-3FAD-D1672BD9184E}</UniqueIdentifier>
    </Filter>
    <Filter Include="Platform\Windows">
      <UniqueIdentifier>{64FBD71A-50F4-F66C-7926-DCF1657ED678}</UniqueIdentifier>
    </Filter>
  </ItemGroup>
  <ItemGroup>
    <ClInclude Include="src\Peanut\Application.h">
      <Filter>Peanut</Filter>
    </ClInclude>
    <ClInclude Include="src\Peanut\Core.h">
      <Filter>Peanut</Filter>
    </ClInclude>
    <ClInclude Include="src\Peanut\Entrypoint.h">
      <Filter>Peanut</Filter>
    </ClInclude>
    <ClInclude Include="src\Peanut\Event\ApplicationEvent.h">
      <Filter>Peanut\Event</Filter>
    </ClInclude>
    <ClInclude Include="src\Peanut\Event\Event.h">
      <Filter>Peanut\Event</Filter>
    </ClInclude>
    <ClInclude Include="src\Peanut\Event\KeyEvent.h">
      <Filter>Peanut\Event</Filter>
    </ClInclude>
    <ClInclude Include="src\Peanut\Event\MouseEvent.h">
      <Filter>Peanut\Event</Filter>
    </ClInclude>
    <ClInclude Include="src\Peanut\KeyboardCodes.h">
      <Filter>Peanut</Filter>
    </ClInclude>
    <ClInclude Include="src\Peanut\Layer.h">
      <Filter>Peanut</Filter>
    </ClInclude>
    <ClInclude Include="src\Peanut\LayerStack.h">
      <Filter>Peanut</Filter>
    </ClInclude>
    <ClInclude Include="src\Peanut\Log.h">
      <Filter>Peanut</Filter>
    </ClInclude>
    <ClInclude Include="src\Peanut\MouseCode.h">
      <Filter>Peanut</Filter>
    </ClInclude>
    <ClInclude Include="src\Peanut\Window.h">
      <Filter>Peanut</Filter>
    </ClInclude>
    <ClInclude Include="src\Peanut_Engine.h" />
    <ClInclude Include="src\Platform\Windows\WindowsWindow.h">
      <Filter>Platform\Windows</Filter>
    </ClInclude>
    <ClInclude Include="src\pepch.h" />
  </ItemGroup>
  <ItemGroup>
    <ClCompile Include="src\Peanut\Application.cpp">
      <Filter>Peanut</Filter>
    </ClCompile>
    <ClCompile Include="src\Peanut\Layer.cpp">
      <Filter>Peanut</Filter>
    </ClCompile>
    <ClCompile Include="src\Peanut\LayerStack.cpp">
      <Filter>Peanut</Filter>
    </ClCompile>
    <ClCompile Include="src\Peanut\Log.cpp">
      <Filter>Peanut</Filter>
    </ClCompile>
    <ClCompile Include="src\Platform\Windows\WindowsWindow.cpp">
      <Filter>Platform\Windows</Filter>
    </ClCompile>
    <ClCompile Include="src\pepch.cpp" />
  </ItemGroup>
</Project>